
Microsoft Visual Studio Solution File, Format Version 12.00
# Visual Studio 15
VisualStudioVersion = 15.0.28307.271
MinimumVisualStudioVersion = 10.0.40219.1
Project("{FAE04EC0-301F-11D3-BF4B-00C04F79EFBC}") = "LibraryManagement", "LibraryManagement\LibraryManagement.csproj", "{205F3691-EB80-46F0-A933-5F9F1A2BA1CF}"
EndProject
Global
	GlobalSection(SolutionConfigurationPlatforms) = preSolution
		Debug|Any CPU = Debug|Any CPU
		Release|Any CPU = Release|Any CPU
	EndGlobalSection
	GlobalSection(ProjectConfigurationPlatforms) = postSolution
		{205F3691-EB80-46F0-A933-5F9F1A2BA1CF}.Debug|Any CPU.ActiveCfg = Debug|Any CPU
		{205F3691-EB80-46F0-A933-5F9F1A2BA1CF}.Debug|Any CPU.Build.0 = Debug|Any CPU
		{205F3691-EB80-46F0-A933-5F9F1A2BA1CF}.Release|Any CPU.ActiveCfg = Release|Any CPU
		{205F3691-EB80-46F0-A933-5F9F1A2BA1CF}.Release|Any CPU.Build.0 = Release|Any CPU
	EndGlobalSection
	GlobalSection(SolutionProperties) = preSolution
		HideSolutionNode = FALSE
	EndGlobalSection
	GlobalSection(ExtensibilityGlobals) = postSolution
		SolutionGuid = {0B5D4A02-3664-4BB2-9E91-8052ED56E7E1}
	EndGlobalSection
EndGlobal
